// !$*UTF8*$!
{
	archiveVersion = 1;
	classes = {
	};
	objectVersion = 77;
	objects = {

/* Begin PBXBuildFile section */
		0065C23ED4051DF7B5D99CF8 /* SettingsView.swift in Sources */ = {isa = PBXBuildFile; fileRef = FEA8DCBD08824B5C9049F293 /* SettingsView.swift */; };
		1D1C7F46EE3F106523FFBE0C /* RootEntryView.swift in Sources */ = {isa = PBXBuildFile; fileRef = 65D42DD04D2EA56CC20939CC /* RootEntryView.swift */; };
		24AF731CE4844A2028B947D1 /* TemplateEditorView.swift in Sources */ = {isa = PBXBuildFile; fileRef = D81AF3610E92CCB54EC9E251 /* TemplateEditorView.swift */; };
		257EF04FC2C857DBCA6C08D9 /* RootTabView.swift in Sources */ = {isa = PBXBuildFile; fileRef = B58B7A00D1935ECB40E7F306 /* RootTabView.swift */; };
		288394A30F8034E13D1626BC /* HapticsManager.swift in Sources */ = {isa = PBXBuildFile; fileRef = F665CCD91D37C4BA31673712 /* HapticsManager.swift */; };
		3D9D71ED21221179FAA5FD78 /* SmokeTests.swift in Sources */ = {isa = PBXBuildFile; fileRef = 2492203FD931499B71EB9A9D /* SmokeTests.swift */; };
		49DAFFEA5AF69319EA78972B /* RunChecklistView.swift in Sources */ = {isa = PBXBuildFile; fileRef = ED13CB35CDEBC16C38DA425B /* RunChecklistView.swift */; };
		4AAB75EE5431839209C3E5CD /* ChecklistModels.swift in Sources */ = {isa = PBXBuildFile; fileRef = A0EE8C7E7A60A8F63C41783C /* ChecklistModels.swift */; };
		6047D19CFFA496EEE20CE8A7 /* OnboardingAndRunUITests.swift in Sources */ = {isa = PBXBuildFile; fileRef = A658C9246E883C67DB879B87 /* OnboardingAndRunUITests.swift */; };
		6C7BA4F6BB3ADA0AF6D0EBDD /* SeedDataLoader.swift in Sources */ = {isa = PBXBuildFile; fileRef = 6F9FC3B62E648D4F3C30153A /* SeedDataLoader.swift */; };
		86ED6D3E28D755D537DD5941 /* OnboardingView.swift in Sources */ = {isa = PBXBuildFile; fileRef = C0202DBC3FB46C5F02DA2799 /* OnboardingView.swift */; };
		AB2B82DC075449E84DAC62A4 /* README.txt in Resources */ = {isa = PBXBuildFile; fileRef = FA9A4E425ABF970091C2923B /* README.txt */; };
		B5F23256956C906F8B0421EE /* HomeView.swift in Sources */ = {isa = PBXBuildFile; fileRef = 070CD02286697D59854B0EC7 /* HomeView.swift */; };
		D4B0AEDBE9554DEF77A5F795 /* AllMyChecklistsApp.swift in Sources */ = {isa = PBXBuildFile; fileRef = ABF2A6B3A38149B791C4D41F /* AllMyChecklistsApp.swift */; };
		E880FAF638E785CA209B30C4 /* Assets.xcassets in Resources */ = {isa = PBXBuildFile; fileRef = 6C26EDDA03BAED7DC0B78613 /* Assets.xcassets */; };
/* End PBXBuildFile section */

/* Begin PBXContainerItemProxy section */
		4659634330FDF1682AF07924 /* PBXContainerItemProxy */ = {
			isa = PBXContainerItemProxy;
			containerPortal = 3104AD87AD0358FC55E71146 /* Project object */;
			proxyType = 1;
			remoteGlobalIDString = 678107D7F35D1567CF8DD1D8;
			remoteInfo = AllMyChecklists;
		};
		49D3A9A19374C0C75C0F293C /* PBXContainerItemProxy */ = {
			isa = PBXContainerItemProxy;
			containerPortal = 3104AD87AD0358FC55E71146 /* Project object */;
			proxyType = 1;
			remoteGlobalIDString = 678107D7F35D1567CF8DD1D8;
			remoteInfo = AllMyChecklists;
		};
/* End PBXContainerItemProxy section */

/* Begin PBXFileReference section */
		070CD02286697D59854B0EC7 /* HomeView.swift */ = {isa = PBXFileReference; lastKnownFileType = sourcecode.swift; path = HomeView.swift; sourceTree = "<group>"; };
		2275768062C29E6FD9ED3394 /* Info.plist */ = {isa = PBXFileReference; lastKnownFileType = text.plist; path = Info.plist; sourceTree = "<group>"; };
		2492203FD931499B71EB9A9D /* SmokeTests.swift */ = {isa = PBXFileReference; lastKnownFileType = sourcecode.swift; path = SmokeTests.swift; sourceTree = "<group>"; };
		4AD5F231F2F1300AF302B078 /* AllMyChecklistsUITests.xctest */ = {isa = PBXFileReference; includeInIndex = 0; lastKnownFileType = wrapper.cfbundle; path = AllMyChecklistsUITests.xctest; sourceTree = BUILT_PRODUCTS_DIR; };
		65D42DD04D2EA56CC20939CC /* RootEntryView.swift */ = {isa = PBXFileReference; lastKnownFileType = sourcecode.swift; path = RootEntryView.swift; sourceTree = "<group>"; };
		6C26EDDA03BAED7DC0B78613 /* Assets.xcassets */ = {isa = PBXFileReference; lastKnownFileType = folder.assetcatalog; path = Assets.xcassets; sourceTree = "<group>"; };
		6F9FC3B62E648D4F3C30153A /* SeedDataLoader.swift */ = {isa = PBXFileReference; lastKnownFileType = sourcecode.swift; path = SeedDataLoader.swift; sourceTree = "<group>"; };
		A0EE8C7E7A60A8F63C41783C /* ChecklistModels.swift */ = {isa = PBXFileReference; lastKnownFileType = sourcecode.swift; path = ChecklistModels.swift; sourceTree = "<group>"; };
		A658C9246E883C67DB879B87 /* OnboardingAndRunUITests.swift */ = {isa = PBXFileReference; lastKnownFileType = sourcecode.swift; path = OnboardingAndRunUITests.swift; sourceTree = "<group>"; };
		ABF2A6B3A38149B791C4D41F /* AllMyChecklistsApp.swift */ = {isa = PBXFileReference; lastKnownFileType = sourcecode.swift; path = AllMyChecklistsApp.swift; sourceTree = "<group>"; };
		B58B7A00D1935ECB40E7F306 /* RootTabView.swift */ = {isa = PBXFileReference; lastKnownFileType = sourcecode.swift; path = RootTabView.swift; sourceTree = "<group>"; };
		C0202DBC3FB46C5F02DA2799 /* OnboardingView.swift */ = {isa = PBXFileReference; lastKnownFileType = sourcecode.swift; path = OnboardingView.swift; sourceTree = "<group>"; };
		D178E229ECAB6E5AD55F8A11 /* AllMyChecklists.app */ = {isa = PBXFileReference; includeInIndex = 0; lastKnownFileType = wrapper.application; path = AllMyChecklists.app; sourceTree = BUILT_PRODUCTS_DIR; };
		D81AF3610E92CCB54EC9E251 /* TemplateEditorView.swift */ = {isa = PBXFileReference; lastKnownFileType = sourcecode.swift; path = TemplateEditorView.swift; sourceTree = "<group>"; };
		DF5C14A5C090A90A5C923916 /* AllMyChecklistsTests.xctest */ = {isa = PBXFileReference; includeInIndex = 0; lastKnownFileType = wrapper.cfbundle; path = AllMyChecklistsTests.xctest; sourceTree = BUILT_PRODUCTS_DIR; };
		ED13CB35CDEBC16C38DA425B /* RunChecklistView.swift */ = {isa = PBXFileReference; lastKnownFileType = sourcecode.swift; path = RunChecklistView.swift; sourceTree = "<group>"; };
		F665CCD91D37C4BA31673712 /* HapticsManager.swift */ = {isa = PBXFileReference; lastKnownFileType = sourcecode.swift; path = HapticsManager.swift; sourceTree = "<group>"; };
		FA9A4E425ABF970091C2923B /* README.txt */ = {isa = PBXFileReference; lastKnownFileType = text; path = README.txt; sourceTree = "<group>"; };
		FEA8DCBD08824B5C9049F293 /* SettingsView.swift */ = {isa = PBXFileReference; lastKnownFileType = sourcecode.swift; path = SettingsView.swift; sourceTree = "<group>"; };
/* End PBXFileReference section */

/* Begin PBXGroup section */
		198EB583C71358452CEC7D4E /* Products */ = {
			isa = PBXGroup;
			children = (
				D178E229ECAB6E5AD55F8A11 /* AllMyChecklists.app */,
				DF5C14A5C090A90A5C923916 /* AllMyChecklistsTests.xctest */,
				4AD5F231F2F1300AF302B078 /* AllMyChecklistsUITests.xctest */,
			);
			name = Products;
			sourceTree = "<group>";
		};
		49E129F70745A7A98017F533 /* Models */ = {
			isa = PBXGroup;
			children = (
				A0EE8C7E7A60A8F63C41783C /* ChecklistModels.swift */,
			);
			path = Models;
			sourceTree = "<group>";
		};
		683A2D6B64446CE52E798035 /* Helpers */ = {
			isa = PBXGroup;
			children = (
				F665CCD91D37C4BA31673712 /* HapticsManager.swift */,
				6F9FC3B62E648D4F3C30153A /* SeedDataLoader.swift */,
			);
			path = Helpers;
			sourceTree = "<group>";
		};
		6D2D63CB14C80806528DAE71 /* AllMyChecklistsUITests */ = {
			isa = PBXGroup;
			children = (
				A658C9246E883C67DB879B87 /* OnboardingAndRunUITests.swift */,
			);
			path = AllMyChecklistsUITests;
			sourceTree = "<group>";
		};
		6FC8EF359EEA727106FCCDEB /* Views */ = {
			isa = PBXGroup;
			children = (
				070CD02286697D59854B0EC7 /* HomeView.swift */,
				C0202DBC3FB46C5F02DA2799 /* OnboardingView.swift */,
				65D42DD04D2EA56CC20939CC /* RootEntryView.swift */,
				B58B7A00D1935ECB40E7F306 /* RootTabView.swift */,
				ED13CB35CDEBC16C38DA425B /* RunChecklistView.swift */,
				FEA8DCBD08824B5C9049F293 /* SettingsView.swift */,
				D81AF3610E92CCB54EC9E251 /* TemplateEditorView.swift */,
			);
			path = Views;
			sourceTree = "<group>";
		};
		7603355F93B926D9A216CBFD /* AllMyChecklists */ = {
			isa = PBXGroup;
			children = (
				ABF2A6B3A38149B791C4D41F /* AllMyChecklistsApp.swift */,
				2275768062C29E6FD9ED3394 /* Info.plist */,
				683A2D6B64446CE52E798035 /* Helpers */,
				49E129F70745A7A98017F533 /* Models */,
				F802D821DAB772B814162758 /* Resources */,
				6FC8EF359EEA727106FCCDEB /* Views */,
			);
			path = AllMyChecklists;
			sourceTree = "<group>";
		};
		79489AA560FE09553100B960 = {
			isa = PBXGroup;
			children = (
				7603355F93B926D9A216CBFD /* AllMyChecklists */,
				95B3EDED0FF5BEFD920E037E /* AllMyChecklistsTests */,
				6D2D63CB14C80806528DAE71 /* AllMyChecklistsUITests */,
				198EB583C71358452CEC7D4E /* Products */,
			);
			sourceTree = "<group>";
		};
		95B3EDED0FF5BEFD920E037E /* AllMyChecklistsTests */ = {
			isa = PBXGroup;
			children = (
				2492203FD931499B71EB9A9D /* SmokeTests.swift */,
			);
			path = AllMyChecklistsTests;
			sourceTree = "<group>";
		};
		F802D821DAB772B814162758 /* Resources */ = {
			isa = PBXGroup;
			children = (
				6C26EDDA03BAED7DC0B78613 /* Assets.xcassets */,
				FA9A4E425ABF970091C2923B /* README.txt */,
			);
			path = Resources;
			sourceTree = "<group>";
		};
/* End PBXGroup section */

/* Begin PBXNativeTarget section */
		678107D7F35D1567CF8DD1D8 /* AllMyChecklists */ = {
			isa = PBXNativeTarget;
			buildConfigurationList = F00512FE8C3485EDB9D84F3D /* Build configuration list for PBXNativeTarget "AllMyChecklists" */;
			buildPhases = (
				1FBE7B28AF7CDA79CC259240 /* Sources */,
				99682982FFD3704B34472113 /* Resources */,
			);
			buildRules = (
			);
			dependencies = (
			);
			name = AllMyChecklists;
			packageProductDependencies = (
			);
			productName = AllMyChecklists;
			productReference = D178E229ECAB6E5AD55F8A11 /* AllMyChecklists.app */;
			productType = "com.apple.product-type.application";
		};
		99E6FAA01C9874CF60DEBCD4 /* AllMyChecklistsTests */ = {
			isa = PBXNativeTarget;
			buildConfigurationList = C09A8813DDCE397DB9A694D7 /* Build configuration list for PBXNativeTarget "AllMyChecklistsTests" */;
			buildPhases = (
				97A514EAC4E30EC6E55C8892 /* Sources */,
			);
			buildRules = (
			);
			dependencies = (
				1A4D3E515FC2EFD744A2DD83 /* PBXTargetDependency */,
			);
			name = AllMyChecklistsTests;
			packageProductDependencies = (
			);
			productName = AllMyChecklistsTests;
			productReference = DF5C14A5C090A90A5C923916 /* AllMyChecklistsTests.xctest */;
			productType = "com.apple.product-type.bundle.unit-test";
		};
		BB161DCE020B3100199441CF /* AllMyChecklistsUITests */ = {
			isa = PBXNativeTarget;
			buildConfigurationList = 586B5D298CE8D7EA6A3A868B /* Build configuration list for PBXNativeTarget "AllMyChecklistsUITests" */;
			buildPhases = (
				1D396291A032B847D2DC4381 /* Sources */,
			);
			buildRules = (
			);
			dependencies = (
				27A0AFDF0BAB0F73A7B47190 /* PBXTargetDependency */,
			);
			name = AllMyChecklistsUITests;
			packageProductDependencies = (
			);
			productName = AllMyChecklistsUITests;
			productReference = 4AD5F231F2F1300AF302B078 /* AllMyChecklistsUITests.xctest */;
			productType = "com.apple.product-type.bundle.ui-testing";
		};
/* End PBXNativeTarget section */

/* Begin PBXProject section */
		3104AD87AD0358FC55E71146 /* Project object */ = {
			isa = PBXProject;
			attributes = {
				BuildIndependentTargetsInParallel = YES;
				LastUpgradeCheck = 1430;
				TargetAttributes = {
					678107D7F35D1567CF8DD1D8 = {
						DevelopmentTeam = "";
						ProvisioningStyle = Automatic;
					};
					BB161DCE020B3100199441CF = {
						TestTargetID = 678107D7F35D1567CF8DD1D8;
					};
				};
			};
			buildConfigurationList = 68BB52601495A9A193C94764 /* Build configuration list for PBXProject "AllMyChecklists" */;
			compatibilityVersion = "Xcode 14.0";
			developmentRegion = en;
			hasScannedForEncodings = 0;
			knownRegions = (
				Base,
				en,
			);
			mainGroup = 79489AA560FE09553100B960;
			minimizedProjectReferenceProxies = 1;
			preferredProjectObjectVersion = 77;
			projectDirPath = "";
			projectRoot = "";
			targets = (
				678107D7F35D1567CF8DD1D8 /* AllMyChecklists */,
				99E6FAA01C9874CF60DEBCD4 /* AllMyChecklistsTests */,
				BB161DCE020B3100199441CF /* AllMyChecklistsUITests */,
			);
		};
/* End PBXProject section */

/* Begin PBXResourcesBuildPhase section */
		99682982FFD3704B34472113 /* Resources */ = {
			isa = PBXResourcesBuildPhase;
			buildActionMask = 2147483647;
			files = (
				E880FAF638E785CA209B30C4 /* Assets.xcassets in Resources */,
				AB2B82DC075449E84DAC62A4 /* README.txt in Resources */,
			);
			runOnlyForDeploymentPostprocessing = 0;
		};
/* End PBXResourcesBuildPhase section */

/* Begin PBXSourcesBuildPhase section */
		1D396291A032B847D2DC4381 /* Sources */ = {
			isa = PBXSourcesBuildPhase;
			buildActionMask = 2147483647;
			files = (
				6047D19CFFA496EEE20CE8A7 /* OnboardingAndRunUITests.swift in Sources */,
			);
			runOnlyForDeploymentPostprocessing = 0;
		};
		1FBE7B28AF7CDA79CC259240 /* Sources */ = {
			isa = PBXSourcesBuildPhase;
			buildActionMask = 2147483647;
			files = (
				D4B0AEDBE9554DEF77A5F795 /* AllMyChecklistsApp.swift in Sources */,
				4AAB75EE5431839209C3E5CD /* ChecklistModels.swift in Sources */,
				288394A30F8034E13D1626BC /* HapticsManager.swift in Sources */,
				B5F23256956C906F8B0421EE /* HomeView.swift in Sources */,
				86ED6D3E28D755D537DD5941 /* OnboardingView.swift in Sources */,
				1D1C7F46EE3F106523FFBE0C /* RootEntryView.swift in Sources */,
				257EF04FC2C857DBCA6C08D9 /* RootTabView.swift in Sources */,
				49DAFFEA5AF69319EA78972B /* RunChecklistView.swift in Sources */,
				6C7BA4F6BB3ADA0AF6D0EBDD /* SeedDataLoader.swift in Sources */,
				0065C23ED4051DF7B5D99CF8 /* SettingsView.swift in Sources */,
				24AF731CE4844A2028B947D1 /* TemplateEditorView.swift in Sources */,
			);
			runOnlyForDeploymentPostprocessing = 0;
		};
		97A514EAC4E30EC6E55C8892 /* Sources */ = {
			isa = PBXSourcesBuildPhase;
			buildActionMask = 2147483647;
			files = (
				3D9D71ED21221179FAA5FD78 /* SmokeTests.swift in Sources */,
			);
			runOnlyForDeploymentPostprocessing = 0;
		};
/* End PBXSourcesBuildPhase section */

/* Begin PBXTargetDependency section */
		1A4D3E515FC2EFD744A2DD83 /* PBXTargetDependency */ = {
			isa = PBXTargetDependency;
			target = 678107D7F35D1567CF8DD1D8 /* AllMyChecklists */;
			targetProxy = 4659634330FDF1682AF07924 /* PBXContainerItemProxy */;
		};
		27A0AFDF0BAB0F73A7B47190 /* PBXTargetDependency */ = {
			isa = PBXTargetDependency;
			target = 678107D7F35D1567CF8DD1D8 /* AllMyChecklists */;
			targetProxy = 49D3A9A19374C0C75C0F293C /* PBXContainerItemProxy */;
		};
/* End PBXTargetDependency section */

/* Begin XCBuildConfiguration section */
		048E529B4FF01B61689E700F /* Debug */ = {
			isa = XCBuildConfiguration;
			buildSettings = {
				ALWAYS_SEARCH_USER_PATHS = NO;
				CLANG_ANALYZER_NONNULL = YES;
				CLANG_ANALYZER_NUMBER_OBJECT_CONVERSION = YES_AGGRESSIVE;
				CLANG_CXX_LANGUAGE_STANDARD = "gnu++14";
				CLANG_CXX_LIBRARY = "libc++";
				CLANG_ENABLE_MODULES = YES;
				CLANG_ENABLE_OBJC_ARC = YES;
				CLANG_ENABLE_OBJC_WEAK = YES;
				CLANG_WARN_BLOCK_CAPTURE_AUTORELEASING = YES;
				CLANG_WARN_BOOL_CONVERSION = YES;
				CLANG_WARN_COMMA = YES;
				CLANG_WARN_CONSTANT_CONVERSION = YES;
				CLANG_WARN_DEPRECATED_OBJC_IMPLEMENTATIONS = YES;
				CLANG_WARN_DIRECT_OBJC_ISA_USAGE = YES_ERROR;
				CLANG_WARN_DOCUMENTATION_COMMENTS = YES;
				CLANG_WARN_EMPTY_BODY = YES;
				CLANG_WARN_ENUM_CONVERSION = YES;
				CLANG_WARN_INFINITE_RECURSION = YES;
				CLANG_WARN_INT_CONVERSION = YES;
				CLANG_WARN_NON_LITERAL_NULL_CONVERSION = YES;
				CLANG_WARN_OBJC_IMPLICIT_RETAIN_SELF = YES;
				CLANG_WARN_OBJC_LITERAL_CONVERSION = YES;
				CLANG_WARN_OBJC_ROOT_CLASS = YES_ERROR;
				CLANG_WARN_QUOTED_INCLUDE_IN_FRAMEWORK_HEADER = YES;
				CLANG_WARN_RANGE_LOOP_ANALYSIS = YES;
				CLANG_WARN_STRICT_PROTOTYPES = YES;
				CLANG_WARN_SUSPICIOUS_MOVE = YES;
				CLANG_WARN_UNGUARDED_AVAILABILITY = YES_AGGRESSIVE;
				CLANG_WARN_UNREACHABLE_CODE = YES;
				CLANG_WARN__DUPLICATE_METHOD_MATCH = YES;
				COPY_PHASE_STRIP = NO;
				DEBUG_INFORMATION_FORMAT = dwarf;
				ENABLE_STRICT_OBJC_MSGSEND = YES;
				ENABLE_TESTABILITY = YES;
				GCC_C_LANGUAGE_STANDARD = gnu11;
				GCC_DYNAMIC_NO_PIC = NO;
				GCC_NO_COMMON_BLOCKS = YES;
				GCC_OPTIMIZATION_LEVEL = 0;
				GCC_PREPROCESSOR_DEFINITIONS = (
					"$(inherited)",
					"DEBUG=1",
				);
				GCC_WARN_64_TO_32_BIT_CONVERSION = YES;
				GCC_WARN_ABOUT_RETURN_TYPE = YES_ERROR;
				GCC_WARN_UNDECLARED_SELECTOR = YES;
				GCC_WARN_UNINITIALIZED_AUTOS = YES_AGGRESSIVE;
				GCC_WARN_UNUSED_FUNCTION = YES;
				GCC_WARN_UNUSED_VARIABLE = YES;
				IPHONEOS_DEPLOYMENT_TARGET = 17.0;
				MTL_ENABLE_DEBUG_INFO = INCLUDE_SOURCE;
				MTL_FAST_MATH = YES;
				ONLY_ACTIVE_ARCH = YES;
				PRODUCT_NAME = "$(TARGET_NAME)";
				SDKROOT = iphoneos;
				SUPPORTS_MACCATALYST = NO;
				SWIFT_ACTIVE_COMPILATION_CONDITIONS = DEBUG;
				SWIFT_OPTIMIZATION_LEVEL = "-Onone";
				SWIFT_VERSION = 5.9;
				TARGETED_DEVICE_FAMILY = 1;
			};
			name = Debug;
		};
		2F95D4C9F61E62514476BDB9 /* Release */ = {
			isa = XCBuildConfiguration;
			buildSettings = {
				ASSETCATALOG_COMPILER_APPICON_NAME = AppIcon;
				CODE_SIGN_IDENTITY = "iPhone Developer";
				CODE_SIGN_STYLE = Automatic;
				CURRENT_PROJECT_VERSION = 1;
				DEVELOPMENT_TEAM = "";
				INFOPLIST_FILE = AllMyChecklists/Info.plist;
				IPHONEOS_DEPLOYMENT_TARGET = 17.0;
				LD_RUNPATH_SEARCH_PATHS = (
					"$(inherited)",
					"@executable_path/Frameworks",
				);
				MARKETING_VERSION = 1.0.0;
				PRODUCT_BUNDLE_IDENTIFIER = com.neonnubula.allmychecklists;
				PRODUCT_NAME = "All My Checklists";
				SDKROOT = iphoneos;
				TARGETED_DEVICE_FAMILY = "1,2";
			};
			name = Release;
		};
		4CD049F64C11BF8050E106A3 /* Release */ = {
			isa = XCBuildConfiguration;
			buildSettings = {
				BUNDLE_LOADER = "$(TEST_HOST)";
				GENERATE_INFOPLIST_FILE = YES;
				IPHONEOS_DEPLOYMENT_TARGET = 17.0;
				LD_RUNPATH_SEARCH_PATHS = (
					"$(inherited)",
					"@executable_path/Frameworks",
					"@loader_path/Frameworks",
				);
				PRODUCT_BUNDLE_IDENTIFIER = com.neonnubula.allmychecklists.tests;
				SDKROOT = iphoneos;
				TARGETED_DEVICE_FAMILY = "1,2";
				TEST_HOST = "$(BUILT_PRODUCTS_DIR)/AllMyChecklists.app/AllMyChecklists";
			};
			name = Release;
		};
		5CF5AC5517816375C0D6ED56 /* Release */ = {
			isa = XCBuildConfiguration;
			buildSettings = {
				BUNDLE_LOADER = "$(TEST_HOST)";
				GENERATE_INFOPLIST_FILE = YES;
				IPHONEOS_DEPLOYMENT_TARGET = 17.0;
				LD_RUNPATH_SEARCH_PATHS = (
					"$(inherited)",
					"@executable_path/Frameworks",
					"@loader_path/Frameworks",
				);
				PRODUCT_BUNDLE_IDENTIFIER = com.neonnubula.allmychecklists.uitests;
				SDKROOT = iphoneos;
				TARGETED_DEVICE_FAMILY = "1,2";
				TEST_TARGET_NAME = AllMyChecklists;
			};
			name = Release;
		};
		63FE7F21DD7E6C21A316B4C1 /* Release */ = {
			isa = XCBuildConfiguration;
			buildSettings = {
				ALWAYS_SEARCH_USER_PATHS = NO;
				CLANG_ANALYZER_NONNULL = YES;
				CLANG_ANALYZER_NUMBER_OBJECT_CONVERSION = YES_AGGRESSIVE;
				CLANG_CXX_LANGUAGE_STANDARD = "gnu++14";
				CLANG_CXX_LIBRARY = "libc++";
				CLANG_ENABLE_MODULES = YES;
				CLANG_ENABLE_OBJC_ARC = YES;
				CLANG_ENABLE_OBJC_WEAK = YES;
				CLANG_WARN_BLOCK_CAPTURE_AUTORELEASING = YES;
				CLANG_WARN_BOOL_CONVERSION = YES;
				CLANG_WARN_COMMA = YES;
				CLANG_WARN_CONSTANT_CONVERSION = YES;
				CLANG_WARN_DEPRECATED_OBJC_IMPLEMENTATIONS = YES;
				CLANG_WARN_DIRECT_OBJC_ISA_USAGE = YES_ERROR;
				CLANG_WARN_DOCUMENTATION_COMMENTS = YES;
				CLANG_WARN_EMPTY_BODY = YES;
				CLANG_WARN_ENUM_CONVERSION = YES;
				CLANG_WARN_INFINITE_RECURSION = YES;
				CLANG_WARN_INT_CONVERSION = YES;
				CLANG_WARN_NON_LITERAL_NULL_CONVERSION = YES;
				CLANG_WARN_OBJC_IMPLICIT_RETAIN_SELF = YES;
				CLANG_WARN_OBJC_LITERAL_CONVERSION = YES;
				CLANG_WARN_OBJC_ROOT_CLASS = YES_ERROR;
				CLANG_WARN_QUOTED_INCLUDE_IN_FRAMEWORK_HEADER = YES;
				CLANG_WARN_RANGE_LOOP_ANALYSIS = YES;
				CLANG_WARN_STRICT_PROTOTYPES = YES;
				CLANG_WARN_SUSPICIOUS_MOVE = YES;
				CLANG_WARN_UNGUARDED_AVAILABILITY = YES_AGGRESSIVE;
				CLANG_WARN_UNREACHABLE_CODE = YES;
				CLANG_WARN__DUPLICATE_METHOD_MATCH = YES;
				COPY_PHASE_STRIP = NO;
				DEBUG_INFORMATION_FORMAT = "dwarf-with-dsym";
				ENABLE_NS_ASSERTIONS = NO;
				ENABLE_STRICT_OBJC_MSGSEND = YES;
				GCC_C_LANGUAGE_STANDARD = gnu11;
				GCC_NO_COMMON_BLOCKS = YES;
				GCC_WARN_64_TO_32_BIT_CONVERSION = YES;
				GCC_WARN_ABOUT_RETURN_TYPE = YES_ERROR;
				GCC_WARN_UNDECLARED_SELECTOR = YES;
				GCC_WARN_UNINITIALIZED_AUTOS = YES_AGGRESSIVE;
				GCC_WARN_UNUSED_FUNCTION = YES;
				GCC_WARN_UNUSED_VARIABLE = YES;
				IPHONEOS_DEPLOYMENT_TARGET = 17.0;
				MTL_ENABLE_DEBUG_INFO = NO;
				MTL_FAST_MATH = YES;
				PRODUCT_NAME = "$(TARGET_NAME)";
				SDKROOT = iphoneos;
				SUPPORTS_MACCATALYST = NO;
				SWIFT_COMPILATION_MODE = wholemodule;
				SWIFT_OPTIMIZATION_LEVEL = "-O";
				SWIFT_VERSION = 5.9;
				TARGETED_DEVICE_FAMILY = 1;
			};
			name = Release;
		};
		6F7712768AE10EF85C97F555 /* Debug */ = {
			isa = XCBuildConfiguration;
			buildSettings = {
				BUNDLE_LOADER = "$(TEST_HOST)";
				GENERATE_INFOPLIST_FILE = YES;
				IPHONEOS_DEPLOYMENT_TARGET = 17.0;
				LD_RUNPATH_SEARCH_PATHS = (
					"$(inherited)",
					"@executable_path/Frameworks",
					"@loader_path/Frameworks",
				);
				PRODUCT_BUNDLE_IDENTIFIER = com.neonnubula.allmychecklists.tests;
				SDKROOT = iphoneos;
				TARGETED_DEVICE_FAMILY = "1,2";
				TEST_HOST = "$(BUILT_PRODUCTS_DIR)/AllMyChecklists.app/AllMyChecklists";
			};
			name = Debug;
		};
		A80A155AACEE6B80C375C778 /* Debug */ = {
			isa = XCBuildConfiguration;
			buildSettings = {
				BUNDLE_LOADER = "$(TEST_HOST)";
				GENERATE_INFOPLIST_FILE = YES;
				IPHONEOS_DEPLOYMENT_TARGET = 17.0;
				LD_RUNPATH_SEARCH_PATHS = (
					"$(inherited)",
					"@executable_path/Frameworks",
					"@loader_path/Frameworks",
				);
				PRODUCT_BUNDLE_IDENTIFIER = com.neonnubula.allmychecklists.uitests;
				SDKROOT = iphoneos;
				TARGETED_DEVICE_FAMILY = "1,2";
				TEST_TARGET_NAME = AllMyChecklists;
			};
			name = Debug;
		};
		E0E297B53FC4907611F3A767 /* Debug */ = {
			isa = XCBuildConfiguration;
			buildSettings = {
				ASSETCATALOG_COMPILER_APPICON_NAME = AppIcon;
				CODE_SIGN_IDENTITY = "iPhone Developer";
				CODE_SIGN_STYLE = Automatic;
				CURRENT_PROJECT_VERSION = 1;
				DEVELOPMENT_TEAM = "";
				INFOPLIST_FILE = AllMyChecklists/Info.plist;
				IPHONEOS_DEPLOYMENT_TARGET = 17.0;
				LD_RUNPATH_SEARCH_PATHS = (
					"$(inherited)",
					"@executable_path/Frameworks",
				);
				MARKETING_VERSION = 1.0.0;
				PRODUCT_BUNDLE_IDENTIFIER = com.neonnubula.allmychecklists;
				PRODUCT_NAME = "All My Checklists";
				SDKROOT = iphoneos;
				TARGETED_DEVICE_FAMILY = "1,2";
			};
			name = Debug;
		};
/* End XCBuildConfiguration section */

/* Begin XCConfigurationList section */
		586B5D298CE8D7EA6A3A868B /* Build configuration list for PBXNativeTarget "AllMyChecklistsUITests" */ = {
			isa = XCConfigurationList;
			buildConfigurations = (
				A80A155AACEE6B80C375C778 /* Debug */,
				5CF5AC5517816375C0D6ED56 /* Release */,
			);
			defaultConfigurationIsVisible = 0;
			defaultConfigurationName = Debug;
		};
		68BB52601495A9A193C94764 /* Build configuration list for PBXProject "AllMyChecklists" */ = {
			isa = XCConfigurationList;
			buildConfigurations = (
				048E529B4FF01B61689E700F /* Debug */,
				63FE7F21DD7E6C21A316B4C1 /* Release */,
			);
			defaultConfigurationIsVisible = 0;
			defaultConfigurationName = Debug;
		};
		C09A8813DDCE397DB9A694D7 /* Build configuration list for PBXNativeTarget "AllMyChecklistsTests" */ = {
			isa = XCConfigurationList;
			buildConfigurations = (
				6F7712768AE10EF85C97F555 /* Debug */,
				4CD049F64C11BF8050E106A3 /* Release */,
			);
			defaultConfigurationIsVisible = 0;
			defaultConfigurationName = Debug;
		};
		F00512FE8C3485EDB9D84F3D /* Build configuration list for PBXNativeTarget "AllMyChecklists" */ = {
			isa = XCConfigurationList;
			buildConfigurations = (
				E0E297B53FC4907611F3A767 /* Debug */,
				2F95D4C9F61E62514476BDB9 /* Release */,
			);
			defaultConfigurationIsVisible = 0;
			defaultConfigurationName = Debug;
		};
/* End XCConfigurationList section */
	};
	rootObject = 3104AD87AD0358FC55E71146 /* Project object */;
}
